
Microsoft Visual Studio Solution File, Format Version 12.00
# Visual Studio 15
VisualStudioVersion = 15.0.27428.2043
MinimumVisualStudioVersion = 10.0.40219.1
Project("{9A19103F-16F7-4668-BE54-9A1E7A4F7556}") = "TwitterStream", "TwitterStream\TwitterStream.csproj", "{D767A9CF-83CB-4E9D-BB53-57A320E463E4}"
EndProject
Project("{2150E333-8FDC-42A3-9474-1A3956D46DE8}") = "Solution Items", "Solution Items", "{D5B651B2-AC3F-4679-A51F-887086751DF9}"
	ProjectSection(SolutionItems) = preProject
		.gitignore = .gitignore
	EndProjectSection
EndProject
Project("{9A19103F-16F7-4668-BE54-9A1E7A4F7556}") = "TwitterStream.Tests", "TwitterStream.Tests\TwitterStream.Tests.csproj", "{5C8B2A90-FD0E-4455-BDF5-D80695E64A8E}"
EndProject
Project("{FAE04EC0-301F-11D3-BF4B-00C04F79EFBC}") = "UserInterface", "UserInterface\UserInterface.csproj", "{E74156C8-552F-4C3A-9A93-BE5F34863462}"
EndProject
Global
	GlobalSection(SolutionConfigurationPlatforms) = preSolution
		Debug|Any CPU = Debug|Any CPU
		Release|Any CPU = Release|Any CPU
	EndGlobalSection
	GlobalSection(ProjectConfigurationPlatforms) = postSolution
		{D767A9CF-83CB-4E9D-BB53-57A320E463E4}.Debug|Any CPU.ActiveCfg = Debug|Any CPU
		{D767A9CF-83CB-4E9D-BB53-57A320E463E4}.Debug|Any CPU.Build.0 = Debug|Any CPU
		{D767A9CF-83CB-4E9D-BB53-57A320E463E4}.Release|Any CPU.ActiveCfg = Release|Any CPU
		{D767A9CF-83CB-4E9D-BB53-57A320E463E4}.Release|Any CPU.Build.0 = Release|Any CPU
		{5C8B2A90-FD0E-4455-BDF5-D80695E64A8E}.Debug|Any CPU.ActiveCfg = Debug|Any CPU
		{5C8B2A90-FD0E-4455-BDF5-D80695E64A8E}.Debug|Any CPU.Build.0 = Debug|Any CPU
		{5C8B2A90-FD0E-4455-BDF5-D80695E64A8E}.Release|Any CPU.ActiveCfg = Release|Any CPU
		{5C8B2A90-FD0E-4455-BDF5-D80695E64A8E}.Release|Any CPU.Build.0 = Release|Any CPU
		{E74156C8-552F-4C3A-9A93-BE5F34863462}.Debug|Any CPU.ActiveCfg = Debug|Any CPU
		{E74156C8-552F-4C3A-9A93-BE5F34863462}.Debug|Any CPU.Build.0 = Debug|Any CPU
		{E74156C8-552F-4C3A-9A93-BE5F34863462}.Release|Any CPU.ActiveCfg = Release|Any CPU
		{E74156C8-552F-4C3A-9A93-BE5F34863462}.Release|Any CPU.Build.0 = Release|Any CPU
	EndGlobalSection
	GlobalSection(SolutionProperties) = preSolution
		HideSolutionNode = FALSE
	EndGlobalSection
	GlobalSection(ExtensibilityGlobals) = postSolution
		SolutionGuid = {02AEE9EA-53EB-4DE7-B823-F3E649D53751}
	EndGlobalSection
EndGlobal
